
Microsoft Visual Studio Solution File, Format Version 12.00
# Visual Studio 15
Project("{FAE04EC0-301F-11D3-BF4B-00C04F79EFBC}") = "Flypack", "Flypack\Flypack.csproj", "{83F41D70-0082-4E2C-B061-7831D9B0FB98}"
EndProject
Project("{FAE04EC0-301F-11D3-BF4B-00C04F79EFBC}") = "RoomiesBot", "RoomiesBot\RoomiesBot.csproj", "{395FE117-5915-46DA-8785-451B3DCAE1A3}"
EndProject
Project("{E53339B2-1760-4266-BCC7-CA923CBCF16C}") = "docker-compose", "docker-compose.dcproj", "{30A95C3D-D339-4FE8-A441-894996FF2988}"
EndProject
Global
	GlobalSection(SolutionConfigurationPlatforms) = preSolution
		Debug|Any CPU = Debug|Any CPU
		Release|Any CPU = Release|Any CPU
	EndGlobalSection
	GlobalSection(ProjectConfigurationPlatforms) = postSolution
		{83F41D70-0082-4E2C-B061-7831D9B0FB98}.Debug|Any CPU.ActiveCfg = Debug|Any CPU
		{83F41D70-0082-4E2C-B061-7831D9B0FB98}.Debug|Any CPU.Build.0 = Debug|Any CPU
		{83F41D70-0082-4E2C-B061-7831D9B0FB98}.Release|Any CPU.ActiveCfg = Release|Any CPU
		{83F41D70-0082-4E2C-B061-7831D9B0FB98}.Release|Any CPU.Build.0 = Release|Any CPU
		{395FE117-5915-46DA-8785-451B3DCAE1A3}.Debug|Any CPU.ActiveCfg = Debug|Any CPU
		{395FE117-5915-46DA-8785-451B3DCAE1A3}.Debug|Any CPU.Build.0 = Debug|Any CPU
		{395FE117-5915-46DA-8785-451B3DCAE1A3}.Release|Any CPU.ActiveCfg = Release|Any CPU
		{395FE117-5915-46DA-8785-451B3DCAE1A3}.Release|Any CPU.Build.0 = Release|Any CPU
		{30A95C3D-D339-4FE8-A441-894996FF2988}.Debug|Any CPU.ActiveCfg = Debug|Any CPU
		{30A95C3D-D339-4FE8-A441-894996FF2988}.Debug|Any CPU.Build.0 = Debug|Any CPU
		{30A95C3D-D339-4FE8-A441-894996FF2988}.Release|Any CPU.ActiveCfg = Release|Any CPU
		{30A95C3D-D339-4FE8-A441-894996FF2988}.Release|Any CPU.Build.0 = Release|Any CPU
	EndGlobalSection
EndGlobal
